
Microsoft Visual Studio Solution File, Format Version 12.00
# Visual Studio 15
VisualStudioVersion = 15.0.28307.102
MinimumVisualStudioVersion = 10.0.40219.1
Project("{FAE04EC0-301F-11D3-BF4B-00C04F79EFBC}") = "EaSystem", "EaSystem\EaSystem.csproj", "{97AA6EC1-11C5-47A2-92C7-A713A0FD1672}"
EndProject
Project("{FAE04EC0-301F-11D3-BF4B-00C04F79EFBC}") = "BusinessLogic", "BusinessLogic\BusinessLogic.csproj", "{19C4DFEF-26DF-47D8-9F6A-A3DC613DCCE2}"
EndProject
Project("{FAE04EC0-301F-11D3-BF4B-00C04F79EFBC}") = "Common", "Common\Common.csproj", "{74F69EF0-D590-4FAF-BF1D-DEA73074EFC7}"
EndProject
Project("{FAE04EC0-301F-11D3-BF4B-00C04F79EFBC}") = "DataAccess", "DataAccess\DataAccess.csproj", "{4C53FFB9-6CF4-4927-A81C-38575F661E6B}"
EndProject
Global
	GlobalSection(SolutionConfigurationPlatforms) = preSolution
		Debug|Any CPU = Debug|Any CPU
		Release|Any CPU = Release|Any CPU
	EndGlobalSection
	GlobalSection(ProjectConfigurationPlatforms) = postSolution
		{97AA6EC1-11C5-47A2-92C7-A713A0FD1672}.Debug|Any CPU.ActiveCfg = Debug|Any CPU
		{97AA6EC1-11C5-47A2-92C7-A713A0FD1672}.Debug|Any CPU.Build.0 = Debug|Any CPU
		{97AA6EC1-11C5-47A2-92C7-A713A0FD1672}.Release|Any CPU.ActiveCfg = Release|Any CPU
		{97AA6EC1-11C5-47A2-92C7-A713A0FD1672}.Release|Any CPU.Build.0 = Release|Any CPU
		{19C4DFEF-26DF-47D8-9F6A-A3DC613DCCE2}.Debug|Any CPU.ActiveCfg = Debug|Any CPU
		{19C4DFEF-26DF-47D8-9F6A-A3DC613DCCE2}.Debug|Any CPU.Build.0 = Debug|Any CPU
		{19C4DFEF-26DF-47D8-9F6A-A3DC613DCCE2}.Release|Any CPU.ActiveCfg = Release|Any CPU
		{19C4DFEF-26DF-47D8-9F6A-A3DC613DCCE2}.Release|Any CPU.Build.0 = Release|Any CPU
		{74F69EF0-D590-4FAF-BF1D-DEA73074EFC7}.Debug|Any CPU.ActiveCfg = Debug|Any CPU
		{74F69EF0-D590-4FAF-BF1D-DEA73074EFC7}.Debug|Any CPU.Build.0 = Debug|Any CPU
		{74F69EF0-D590-4FAF-BF1D-DEA73074EFC7}.Release|Any CPU.ActiveCfg = Release|Any CPU
		{74F69EF0-D590-4FAF-BF1D-DEA73074EFC7}.Release|Any CPU.Build.0 = Release|Any CPU
		{4C53FFB9-6CF4-4927-A81C-38575F661E6B}.Debug|Any CPU.ActiveCfg = Debug|Any CPU
		{4C53FFB9-6CF4-4927-A81C-38575F661E6B}.Debug|Any CPU.Build.0 = Debug|Any CPU
		{4C53FFB9-6CF4-4927-A81C-38575F661E6B}.Release|Any CPU.ActiveCfg = Release|Any CPU
		{4C53FFB9-6CF4-4927-A81C-38575F661E6B}.Release|Any CPU.Build.0 = Release|Any CPU
	EndGlobalSection
	GlobalSection(SolutionProperties) = preSolution
		HideSolutionNode = FALSE
	EndGlobalSection
	GlobalSection(ExtensibilityGlobals) = postSolution
		SolutionGuid = {12C501B0-71A1-410F-8AC1-23D1F01C5A32}
	EndGlobalSection
EndGlobal
